// !$*UTF8*$!
{
	archiveVersion = 1;
	classes = {
	};
	objectVersion = 46;
	objects = {

/* Begin PBXBuildFile section */
		93EC17ED1E4149850044FB6B /* main.m in Sources */ = {isa = PBXBuildFile; fileRef = 93EC17EC1E4149850044FB6B /* main.m */; };
		93EC17F01E4149850044FB6B /* AppDelegate.m in Sources */ = {isa = PBXBuildFile; fileRef = 93EC17EF1E4149850044FB6B /* AppDelegate.m */; };
		93EC17F31E4149850044FB6B /* ViewController.m in Sources */ = {isa = PBXBuildFile; fileRef = 93EC17F21E4149850044FB6B /* ViewController.m */; };
		93EC17F61E4149850044FB6B /* Main.storyboard in Resources */ = {isa = PBXBuildFile; fileRef = 93EC17F41E4149850044FB6B /* Main.storyboard */; };
		93EC17F91E4149850044FB6B /* CoreDataDemo.xcdatamodeld in Sources */ = {isa = PBXBuildFile; fileRef = 93EC17F71E4149850044FB6B /* CoreDataDemo.xcdatamodeld */; };
		93EC17FB1E4149850044FB6B /* Assets.xcassets in Resources */ = {isa = PBXBuildFile; fileRef = 93EC17FA1E4149850044FB6B /* Assets.xcassets */; };
		93EC17FE1E4149850044FB6B /* LaunchScreen.storyboard in Resources */ = {isa = PBXBuildFile; fileRef = 93EC17FC1E4149850044FB6B /* LaunchScreen.storyboard */; };
/* End PBXBuildFile section */

/* Begin PBXFileReference section */
		93CAB0FA1E422BEF00203A2E /* Task+CoreDataClass.h */ = {isa = PBXFileReference; fileEncoding = 4; lastKnownFileType = sourcecode.c.h; path = "Task+CoreDataClass.h"; sourceTree = "<group>"; };
		93CAB0FB1E422BEF00203A2E /* Task+CoreDataClass.m */ = {isa = PBXFileReference; fileEncoding = 4; lastKnownFileType = sourcecode.c.objc; path = "Task+CoreDataClass.m"; sourceTree = "<group>"; };
		93CAB0FC1E422BEF00203A2E /* Task+CoreDataProperties.h */ = {isa = PBXFileReference; fileEncoding = 4; lastKnownFileType = sourcecode.c.h; path = "Task+CoreDataProperties.h"; sourceTree = "<group>"; };
		93CAB0FD1E422BEF00203A2E /* Task+CoreDataProperties.m */ = {isa = PBXFileReference; fileEncoding = 4; lastKnownFileType = sourcecode.c.objc; path = "Task+CoreDataProperties.m"; sourceTree = "<group>"; };
		93EC17E81E4149850044FB6B /* CoreDataDemo.app */ = {isa = PBXFileReference; explicitFileType = wrapper.application; includeInIndex = 0; path = CoreDataDemo.app; sourceTree = BUILT_PRODUCTS_DIR; };
		93EC17EC1E4149850044FB6B /* main.m */ = {isa = PBXFileReference; lastKnownFileType = sourcecode.c.objc; path = main.m; sourceTree = "<group>"; };
		93EC17EE1E4149850044FB6B /* AppDelegate.h */ = {isa = PBXFileReference; lastKnownFileType = sourcecode.c.h; path = AppDelegate.h; sourceTree = "<group>"; };
		93EC17EF1E4149850044FB6B /* AppDelegate.m */ = {isa = PBXFileReference; lastKnownFileType = sourcecode.c.objc; path = AppDelegate.m; sourceTree = "<group>"; };
		93EC17F11E4149850044FB6B /* ViewController.h */ = {isa = PBXFileReference; lastKnownFileType = sourcecode.c.h; path = ViewController.h; sourceTree = "<group>"; };
		93EC17F21E4149850044FB6B /* ViewController.m */ = {isa = PBXFileReference; lastKnownFileType = sourcecode.c.objc; path = ViewController.m; sourceTree = "<group>"; };
		93EC17F51E4149850044FB6B /* Base */ = {isa = PBXFileReference; lastKnownFileType = file.storyboard; name = Base; path = Base.lproj/Main.storyboard; sourceTree = "<group>"; };
		93EC17F81E4149850044FB6B /* CoreDataDemo.xcdatamodel */ = {isa = PBXFileReference; lastKnownFileType = wrapper.xcdatamodel; path = CoreDataDemo.xcdatamodel; sourceTree = "<group>"; };
		93EC17FA1E4149850044FB6B /* Assets.xcassets */ = {isa = PBXFileReference; lastKnownFileType = folder.assetcatalog; path = Assets.xcassets; sourceTree = "<group>"; };
		93EC17FD1E4149850044FB6B /* Base */ = {isa = PBXFileReference; lastKnownFileType = file.storyboard; name = Base; path = Base.lproj/LaunchScreen.storyboard; sourceTree = "<group>"; };
		93EC17FF1E4149850044FB6B /* Info.plist */ = {isa = PBXFileReference; lastKnownFileType = text.plist.xml; path = Info.plist; sourceTree = "<group>"; };
/* End PBXFileReference section */

/* Begin PBXFrameworksBuildPhase section */
		93EC17E51E4149850044FB6B /* Frameworks */ = {
			isa = PBXFrameworksBuildPhase;
			buildActionMask = 2147483647;
			files = (
			);
			runOnlyForDeploymentPostprocessing = 0;
		};
/* End PBXFrameworksBuildPhase section */

/* Begin PBXGroup section */
		93EC17DF1E4149850044FB6B = {
			isa = PBXGroup;
			children = (
				93CAB0FA1E422BEF00203A2E /* Task+CoreDataClass.h */,
				93CAB0FB1E422BEF00203A2E /* Task+CoreDataClass.m */,
				93CAB0FC1E422BEF00203A2E /* Task+CoreDataProperties.h */,
				93CAB0FD1E422BEF00203A2E /* Task+CoreDataProperties.m */,
				93EC17EA1E4149850044FB6B /* CoreDataDemo */,
				93EC17E91E4149850044FB6B /* Products */,
			);
			sourceTree = "<group>";
		};
		93EC17E91E4149850044FB6B /* Products */ = {
			isa = PBXGroup;
			children = (
				93EC17E81E4149850044FB6B /* CoreDataDemo.app */,
			);
			name = Products;
			sourceTree = "<group>";
		};
		93EC17EA1E4149850044FB6B /* CoreDataDemo */ = {
			isa = PBXGroup;
			children = (
				93EC17EE1E4149850044FB6B /* AppDelegate.h */,
				93EC17EF1E4149850044FB6B /* AppDelegate.m */,
				93EC17F11E4149850044FB6B /* ViewController.h */,
				93EC17F21E4149850044FB6B /* ViewController.m */,
				93EC17F41E4149850044FB6B /* Main.storyboard */,
				93EC17FA1E4149850044FB6B /* Assets.xcassets */,
				93EC17FC1E4149850044FB6B /* LaunchScreen.storyboard */,
				93EC17FF1E4149850044FB6B /* Info.plist */,
				93EC17F71E4149850044FB6B /* CoreDataDemo.xcdatamodeld */,
				93EC17EB1E4149850044FB6B /* Supporting Files */,
			);
			path = CoreDataDemo;
			sourceTree = "<group>";
		};
		93EC17EB1E4149850044FB6B /* Supporting Files */ = {
			isa = PBXGroup;
			children = (
				93EC17EC1E4149850044FB6B /* main.m */,
			);
			name = "Supporting Files";
			sourceTree = "<group>";
		};
/* End PBXGroup section */

/* Begin PBXNativeTarget section */
		93EC17E71E4149850044FB6B /* CoreDataDemo */ = {
			isa = PBXNativeTarget;
			buildConfigurationList = 93EC18021E4149850044FB6B /* Build configuration list for PBXNativeTarget "CoreDataDemo" */;
			buildPhases = (
				93EC17E41E4149850044FB6B /* Sources */,
				93EC17E51E4149850044FB6B /* Frameworks */,
				93EC17E61E4149850044FB6B /* Resources */,
			);
			buildRules = (
			);
			dependencies = (
			);
			name = CoreDataDemo;
			productName = CoreDataDemo;
			productReference = 93EC17E81E4149850044FB6B /* CoreDataDemo.app */;
			productType = "com.apple.product-type.application";
		};
/* End PBXNativeTarget section */

/* Begin PBXProject section */
		93EC17E01E4149850044FB6B /* Project object */ = {
			isa = PBXProject;
			attributes = {
				LastUpgradeCheck = 0820;
				ORGANIZATIONNAME = "Kareem Sabri";
				TargetAttributes = {
					93EC17E71E4149850044FB6B = {
						CreatedOnToolsVersion = 8.2.1;
						DevelopmentTeam = BVS52579B9;
						ProvisioningStyle = Automatic;
					};
				};
			};
			buildConfigurationList = 93EC17E31E4149850044FB6B /* Build configuration list for PBXProject "CoreDataDemo" */;
			compatibilityVersion = "Xcode 3.2";
			developmentRegion = English;
			hasScannedForEncodings = 0;
			knownRegions = (
				en,
				Base,
			);
			mainGroup = 93EC17DF1E4149850044FB6B;
			productRefGroup = 93EC17E91E4149850044FB6B /* Products */;
			projectDirPath = "";
			projectRoot = "";
			targets = (
				93EC17E71E4149850044FB6B /* CoreDataDemo */,
			);
		};
/* End PBXProject section */

/* Begin PBXResourcesBuildPhase section */
		93EC17E61E4149850044FB6B /* Resources */ = {
			isa = PBXResourcesBuildPhase;
			buildActionMask = 2147483647;
			files = (
				93EC17FE1E4149850044FB6B /* LaunchScreen.storyboard in Resources */,
				93EC17FB1E4149850044FB6B /* Assets.xcassets in Resources */,
				93EC17F61E4149850044FB6B /* Main.storyboard in Resources */,
			);
			runOnlyForDeploymentPostprocessing = 0;
		};
/* End PBXResourcesBuildPhase section */

/* Begin PBXSourcesBuildPhase section */
		93EC17E41E4149850044FB6B /* Sources */ = {
			isa = PBXSourcesBuildPhase;
			buildActionMask = 2147483647;
			files = (
				93EC17F31E4149850044FB6B /* ViewController.m in Sources */,
				93EC17F91E4149850044FB6B /* CoreDataDemo.xcdatamodeld in Sources */,
				93EC17F01E4149850044FB6B /* AppDelegate.m in Sources */,
				93EC17ED1E4149850044FB6B /* main.m in Sources */,
			);
			runOnlyForDeploymentPostprocessing = 0;
		};
/* End PBXSourcesBuildPhase section */

/* Begin PBXVariantGroup section */
		93EC17F41E4149850044FB6B /* Main.storyboard */ = {
			isa = PBXVariantGroup;
			children = (
				93EC17F51E4149850044FB6B /* Base */,
			);
			name = Main.storyboard;
			sourceTree = "<group>";
		};
		93EC17FC1E4149850044FB6B /* LaunchScreen.storyboard */ = {
			isa = PBXVariantGroup;
			children = (
				93EC17FD1E4149850044FB6B /* Base */,
			);
			name = LaunchScreen.storyboard;
			sourceTree = "<group>";
		};
/* End PBXVariantGroup section */

/* Begin XCBuildConfiguration section */
		93EC18001E4149850044FB6B /* Debug */ = {
			isa = XCBuildConfiguration;
			buildSettings = {
				ALWAYS_SEARCH_USER_PATHS = NO;
				CLANG_ANALYZER_NONNULL = YES;
				CLANG_CXX_LANGUAGE_STANDARD = "gnu++0x";
				CLANG_CXX_LIBRARY = "libc++";
				CLANG_ENABLE_MODULES = YES;
				CLANG_ENABLE_OBJC_ARC = YES;
				CLANG_WARN_BOOL_CONVERSION = YES;
				CLANG_WARN_CONSTANT_CONVERSION = YES;
				CLANG_WARN_DIRECT_OBJC_ISA_USAGE = YES_ERROR;
				CLANG_WARN_DOCUMENTATION_COMMENTS = YES;
				CLANG_WARN_EMPTY_BODY = YES;
				CLANG_WARN_ENUM_CONVERSION = YES;
				CLANG_WARN_INFINITE_RECURSION = YES;
				CLANG_WARN_INT_CONVERSION = YES;
				CLANG_WARN_OBJC_ROOT_CLASS = YES_ERROR;
				CLANG_WARN_SUSPICIOUS_MOVE = YES;
				CLANG_WARN_UNREACHABLE_CODE = YES;
				CLANG_WARN__DUPLICATE_METHOD_MATCH = YES;
				"CODE_SIGN_IDENTITY[sdk=iphoneos*]" = "iPhone Developer";
				COPY_PHASE_STRIP = NO;
				DEBUG_INFORMATION_FORMAT = dwarf;
				ENABLE_STRICT_OBJC_MSGSEND = YES;
				ENABLE_TESTABILITY = YES;
				GCC_C_LANGUAGE_STANDARD = gnu99;
				GCC_DYNAMIC_NO_PIC = NO;
				GCC_NO_COMMON_BLOCKS = YES;
				GCC_OPTIMIZATION_LEVEL = 0;
				GCC_PREPROCESSOR_DEFINITIONS = (
					"DEBUG=1",
					"$(inherited)",
				);
				GCC_WARN_64_TO_32_BIT_CONVERSION = YES;
				GCC_WARN_ABOUT_RETURN_TYPE = YES_ERROR;
				GCC_WARN_UNDECLARED_SELECTOR = YES;
				GCC_WARN_UNINITIALIZED_AUTOS = YES_AGGRESSIVE;
				GCC_WARN_UNUSED_FUNCTION = YES;
				GCC_WARN_UNUSED_VARIABLE = YES;
				IPHONEOS_DEPLOYMENT_TARGET = 10.2;
				MTL_ENABLE_DEBUG_INFO = YES;
				ONLY_ACTIVE_ARCH = YES;
				SDKROOT = iphoneos;
			};
			name = Debug;
		};
		93EC18011E4149850044FB6B /* Release */ = {
			isa = XCBuildConfiguration;
			buildSettings = {
				ALWAYS_SEARCH_USER_PATHS = NO;
				CLANG_ANALYZER_NONNULL = YES;
				CLANG_CXX_LANGUAGE_STANDARD = "gnu++0x";
				CLANG_CXX_LIBRARY = "libc++";
				CLANG_ENABLE_MODULES = YES;
				CLANG_ENABLE_OBJC_ARC = YES;
				CLANG_WARN_BOOL_CONVERSION = YES;
				CLANG_WARN_CONSTANT_CONVERSION = YES;
				CLANG_WARN_DIRECT_OBJC_ISA_USAGE = YES_ERROR;
				CLANG_WARN_DOCUMENTATION_COMMENTS = YES;
				CLANG_WARN_EMPTY_BODY = YES;
				CLANG_WARN_ENUM_CONVERSION = YES;
				CLANG_WARN_INFINITE_RECURSION = YES;
				CLANG_WARN_INT_CONVERSION = YES;
				CLANG_WARN_OBJC_ROOT_CLASS = YES_ERROR;
				CLANG_WARN_SUSPICIOUS_MOVE = YES;
				CLANG_WARN_UNREACHABLE_CODE = YES;
				CLANG_WARN__DUPLICATE_METHOD_MATCH = YES;
				"CODE_SIGN_IDENTITY[sdk=iphoneos*]" = "iPhone Developer";
				COPY_PHASE_STRIP = NO;
				DEBUG_INFORMATION_FORMAT = "dwarf-with-dsym";
				ENABLE_NS_ASSERTIONS = NO;
				ENABLE_STRICT_OBJC_MSGSEND = YES;
				GCC_C_LANGUAGE_STANDARD = gnu99;
				GCC_NO_COMMON_BLOCKS = YES;
				GCC_WARN_64_TO_32_BIT_CONVERSION = YES;
				GCC_WARN_ABOUT_RETURN_TYPE = YES_ERROR;
				GCC_WARN_UNDECLARED_SELECTOR = YES;
				GCC_WARN_UNINITIALIZED_AUTOS = YES_AGGRESSIVE;
				GCC_WARN_UNUSED_FUNCTION = YES;
				GCC_WARN_UNUSED_VARIABLE = YES;
				IPHONEOS_DEPLOYMENT_TARGET = 10.2;
				MTL_ENABLE_DEBUG_INFO = NO;
				SDKROOT = iphoneos;
				VALIDATE_PRODUCT = YES;
			};
			name = Release;
		};
		93EC18031E4149850044FB6B /* Debug */ = {
			isa = XCBuildConfiguration;
			buildSettings = {
				ASSETCATALOG_COMPILER_APPICON_NAME = AppIcon;
				DEVELOPMENT_TEAM = BVS52579B9;
				INFOPLIST_FILE = CoreDataDemo/Info.plist;
				LD_RUNPATH_SEARCH_PATHS = "$(inherited) @executable_path/Frameworks";
				PRODUCT_BUNDLE_IDENTIFIER = com.kareemsabri.CoreDataDemo;
				PRODUCT_NAME = "$(TARGET_NAME)";
			};
			name = Debug;
		};
		93EC18041E4149850044FB6B /* Release */ = {
			isa = XCBuildConfiguration;
			buildSettings = {
				ASSETCATALOG_COMPILER_APPICON_NAME = AppIcon;
				DEVELOPMENT_TEAM = BVS52579B9;
				INFOPLIST_FILE = CoreDataDemo/Info.plist;
				LD_RUNPATH_SEARCH_PATHS = "$(inherited) @executable_path/Frameworks";
				PRODUCT_BUNDLE_IDENTIFIER = com.kareemsabri.CoreDataDemo;
				PRODUCT_NAME = "$(TARGET_NAME)";
			};
			name = Release;
		};
/* End XCBuildConfiguration section */

/* Begin XCConfigurationList section */
		93EC17E31E4149850044FB6B /* Build configuration list for PBXProject "CoreDataDemo" */ = {
			isa = XCConfigurationList;
			buildConfigurations = (
				93EC18001E4149850044FB6B /* Debug */,
				93EC18011E4149850044FB6B /* Release */,
			);
			defaultConfigurationIsVisible = 0;
			defaultConfigurationName = Release;
		};
		93EC18021E4149850044FB6B /* Build configuration list for PBXNativeTarget "CoreDataDemo" */ = {
			isa = XCConfigurationList;
			buildConfigurations = (
				93EC18031E4149850044FB6B /* Debug */,
				93EC18041E4149850044FB6B /* Release */,
			);
			defaultConfigurationIsVisible = 0;
			defaultConfigurationName = Release;
		};
/* End XCConfigurationList section */

/* Begin XCVersionGroup section */
		93EC17F71E4149850044FB6B /* CoreDataDemo.xcdatamodeld */ = {
			isa = XCVersionGroup;
			children = (
				93EC17F81E4149850044FB6B /* CoreDataDemo.xcdatamodel */,
			);
			currentVersion = 93EC17F81E4149850044FB6B /* CoreDataDemo.xcdatamodel */;
			path = CoreDataDemo.xcdatamodeld;
			sourceTree = "<group>";
			versionGroupType = wrapper.xcdatamodel;
		};
/* End XCVersionGroup section */
	};
	rootObject = 93EC17E01E4149850044FB6B /* Project object */;
}
